
Microsoft Visual Studio Solution File, Format Version 12.00
# Visual Studio Version 17
VisualStudioVersion = 17.0.32126.317
MinimumVisualStudioVersion = 10.0.40219.1
Project("{FAE04EC0-301F-11D3-BF4B-00C04F79EFBC}") = "esimene_osa.Android", "esimene_osa\esimene_osa.Android\esimene_osa.Android.csproj", "{FE110450-1523-4F0B-8944-FD1524902FD0}"
EndProject
Project("{FAE04EC0-301F-11D3-BF4B-00C04F79EFBC}") = "esimene_osa", "esimene_osa\esimene_osa\esimene_osa.csproj", "{15057DA9-DE5B-434F-A6CB-2DA12CE64425}"
EndProject
Global
	GlobalSection(SolutionConfigurationPlatforms) = preSolution
		Debug|Any CPU = Debug|Any CPU
		Release|Any CPU = Release|Any CPU
	EndGlobalSection
	GlobalSection(ProjectConfigurationPlatforms) = postSolution
		{FE110450-1523-4F0B-8944-FD1524902FD0}.Debug|Any CPU.ActiveCfg = Debug|Any CPU
		{FE110450-1523-4F0B-8944-FD1524902FD0}.Debug|Any CPU.Build.0 = Debug|Any CPU
		{FE110450-1523-4F0B-8944-FD1524902FD0}.Debug|Any CPU.Deploy.0 = Debug|Any CPU
		{FE110450-1523-4F0B-8944-FD1524902FD0}.Release|Any CPU.ActiveCfg = Release|Any CPU
		{FE110450-1523-4F0B-8944-FD1524902FD0}.Release|Any CPU.Build.0 = Release|Any CPU
		{FE110450-1523-4F0B-8944-FD1524902FD0}.Release|Any CPU.Deploy.0 = Release|Any CPU
		{15057DA9-DE5B-434F-A6CB-2DA12CE64425}.Debug|Any CPU.ActiveCfg = Debug|Any CPU
		{15057DA9-DE5B-434F-A6CB-2DA12CE64425}.Debug|Any CPU.Build.0 = Debug|Any CPU
		{15057DA9-DE5B-434F-A6CB-2DA12CE64425}.Debug|Any CPU.Deploy.0 = Debug|Any CPU
		{15057DA9-DE5B-434F-A6CB-2DA12CE64425}.Release|Any CPU.ActiveCfg = Release|Any CPU
		{15057DA9-DE5B-434F-A6CB-2DA12CE64425}.Release|Any CPU.Build.0 = Release|Any CPU
		{15057DA9-DE5B-434F-A6CB-2DA12CE64425}.Release|Any CPU.Deploy.0 = Release|Any CPU
	EndGlobalSection
	GlobalSection(SolutionProperties) = preSolution
		HideSolutionNode = FALSE
	EndGlobalSection
	GlobalSection(ExtensibilityGlobals) = postSolution
		SolutionGuid = {989CE607-FB8E-4BED-B3DD-D89C89F7C3B5}
	EndGlobalSection
EndGlobal
